
Microsoft Visual Studio Solution File, Format Version 12.00
# Visual Studio 15
VisualStudioVersion = 15.0.28307.852
MinimumVisualStudioVersion = 10.0.40219.1
Project("{8BC9CEB8-8B4A-11D0-8D11-00A0C91BC942}") = "Tower-Defense", "Tower-Defense\Tower-Defense.vcxproj", "{4D789B76-2302-47BC-9B13-43EE17AA0AAB}"
EndProject
Project("{8BC9CEB8-8B4A-11D0-8D11-00A0C91BC942}") = "Test1", "Test1\Test1.vcxproj", "{E72DED0A-A1BD-4F14-8CE9-25240A786C95}"
EndProject
Global
	GlobalSection(SolutionConfigurationPlatforms) = preSolution
		Debug|x64 = Debug|x64
		Debug|x86 = Debug|x86
		Release|x64 = Release|x64
		Release|x86 = Release|x86
	EndGlobalSection
	GlobalSection(ProjectConfigurationPlatforms) = postSolution
		{4D789B76-2302-47BC-9B13-43EE17AA0AAB}.Debug|x64.ActiveCfg = Debug|x64
		{4D789B76-2302-47BC-9B13-43EE17AA0AAB}.Debug|x64.Build.0 = Debug|x64
		{4D789B76-2302-47BC-9B13-43EE17AA0AAB}.Debug|x86.ActiveCfg = Debug|Win32
		{4D789B76-2302-47BC-9B13-43EE17AA0AAB}.Debug|x86.Build.0 = Debug|Win32
		{4D789B76-2302-47BC-9B13-43EE17AA0AAB}.Release|x64.ActiveCfg = Release|x64
		{4D789B76-2302-47BC-9B13-43EE17AA0AAB}.Release|x64.Build.0 = Release|x64
		{4D789B76-2302-47BC-9B13-43EE17AA0AAB}.Release|x86.ActiveCfg = Release|Win32
		{4D789B76-2302-47BC-9B13-43EE17AA0AAB}.Release|x86.Build.0 = Release|Win32
		{E72DED0A-A1BD-4F14-8CE9-25240A786C95}.Debug|x64.ActiveCfg = Debug|x64
		{E72DED0A-A1BD-4F14-8CE9-25240A786C95}.Debug|x64.Build.0 = Debug|x64
		{E72DED0A-A1BD-4F14-8CE9-25240A786C95}.Debug|x86.ActiveCfg = Debug|Win32
		{E72DED0A-A1BD-4F14-8CE9-25240A786C95}.Debug|x86.Build.0 = Debug|Win32
		{E72DED0A-A1BD-4F14-8CE9-25240A786C95}.Release|x64.ActiveCfg = Release|x64
		{E72DED0A-A1BD-4F14-8CE9-25240A786C95}.Release|x64.Build.0 = Release|x64
		{E72DED0A-A1BD-4F14-8CE9-25240A786C95}.Release|x86.ActiveCfg = Release|Win32
		{E72DED0A-A1BD-4F14-8CE9-25240A786C95}.Release|x86.Build.0 = Release|Win32
	EndGlobalSection
	GlobalSection(SolutionProperties) = preSolution
		HideSolutionNode = FALSE
	EndGlobalSection
	GlobalSection(ExtensibilityGlobals) = postSolution
		SolutionGuid = {17F7F06E-43EA-42D3-8DAB-2F17149F93CF}
	EndGlobalSection
EndGlobal
